// !$*UTF8*$!
{
	archiveVersion = 1;
	classes = {
	};
	objectVersion = 46;
	objects = {

/* Begin PBXBuildFile section */
		9361C3311DC479C000CC98AC /* AppDelegate.swift in Sources */ = {isa = PBXBuildFile; fileRef = 9361C3301DC479C000CC98AC /* AppDelegate.swift */; };
		9361C3331DC479C000CC98AC /* ViewController.swift in Sources */ = {isa = PBXBuildFile; fileRef = 9361C3321DC479C000CC98AC /* ViewController.swift */; };
		9361C3361DC479C000CC98AC /* Main.storyboard in Resources */ = {isa = PBXBuildFile; fileRef = 9361C3341DC479C000CC98AC /* Main.storyboard */; };
		9361C3381DC479C000CC98AC /* Assets.xcassets in Resources */ = {isa = PBXBuildFile; fileRef = 9361C3371DC479C000CC98AC /* Assets.xcassets */; };
		9361C33B1DC479C000CC98AC /* LaunchScreen.storyboard in Resources */ = {isa = PBXBuildFile; fileRef = 9361C3391DC479C000CC98AC /* LaunchScreen.storyboard */; };
/* End PBXBuildFile section */

/* Begin PBXFileReference section */
		9361C32D1DC479C000CC98AC /* Lean.app */ = {isa = PBXFileReference; explicitFileType = wrapper.application; includeInIndex = 0; path = Lean.app; sourceTree = BUILT_PRODUCTS_DIR; };
		9361C3301DC479C000CC98AC /* AppDelegate.swift */ = {isa = PBXFileReference; lastKnownFileType = sourcecode.swift; path = AppDelegate.swift; sourceTree = "<group>"; };
		9361C3321DC479C000CC98AC /* ViewController.swift */ = {isa = PBXFileReference; lastKnownFileType = sourcecode.swift; path = ViewController.swift; sourceTree = "<group>"; };
		9361C3351DC479C000CC98AC /* Base */ = {isa = PBXFileReference; lastKnownFileType = file.storyboard; name = Base; path = Base.lproj/Main.storyboard; sourceTree = "<group>"; };
		9361C3371DC479C000CC98AC /* Assets.xcassets */ = {isa = PBXFileReference; lastKnownFileType = folder.assetcatalog; path = Assets.xcassets; sourceTree = "<group>"; };
		9361C33A1DC479C000CC98AC /* Base */ = {isa = PBXFileReference; lastKnownFileType = file.storyboard; name = Base; path = Base.lproj/LaunchScreen.storyboard; sourceTree = "<group>"; };
		9361C33C1DC479C000CC98AC /* Info.plist */ = {isa = PBXFileReference; lastKnownFileType = text.plist.xml; path = Info.plist; sourceTree = "<group>"; };
/* End PBXFileReference section */

/* Begin PBXFrameworksBuildPhase section */
		9361C32A1DC479C000CC98AC /* Frameworks */ = {
			isa = PBXFrameworksBuildPhase;
			buildActionMask = 2147483647;
			files = (
			);
			runOnlyForDeploymentPostprocessing = 0;
		};
/* End PBXFrameworksBuildPhase section */

/* Begin PBXGroup section */
		9361C3241DC479C000CC98AC = {
			isa = PBXGroup;
			children = (
				9361C32F1DC479C000CC98AC /* Lean */,
				9361C32E1DC479C000CC98AC /* Products */,
			);
			sourceTree = "<group>";
		};
		9361C32E1DC479C000CC98AC /* Products */ = {
			isa = PBXGroup;
			children = (
				9361C32D1DC479C000CC98AC /* Lean.app */,
			);
			name = Products;
			sourceTree = "<group>";
		};
		9361C32F1DC479C000CC98AC /* Lean */ = {
			isa = PBXGroup;
			children = (
				9361C3301DC479C000CC98AC /* AppDelegate.swift */,
				9361C3321DC479C000CC98AC /* ViewController.swift */,
				9361C3341DC479C000CC98AC /* Main.storyboard */,
				9361C3371DC479C000CC98AC /* Assets.xcassets */,
				9361C3391DC479C000CC98AC /* LaunchScreen.storyboard */,
				9361C33C1DC479C000CC98AC /* Info.plist */,
			);
			path = Lean;
			sourceTree = "<group>";
		};
/* End PBXGroup section */

/* Begin PBXNativeTarget section */
		9361C32C1DC479C000CC98AC /* Lean */ = {
			isa = PBXNativeTarget;
			buildConfigurationList = 9361C33F1DC479C000CC98AC /* Build configuration list for PBXNativeTarget "Lean" */;
			buildPhases = (
				9361C3291DC479C000CC98AC /* Sources */,
				9361C32A1DC479C000CC98AC /* Frameworks */,
				9361C32B1DC479C000CC98AC /* Resources */,
			);
			buildRules = (
			);
			dependencies = (
			);
			name = Lean;
			productName = Lean;
			productReference = 9361C32D1DC479C000CC98AC /* Lean.app */;
			productType = "com.apple.product-type.application";
		};
/* End PBXNativeTarget section */

/* Begin PBXProject section */
		9361C3251DC479C000CC98AC /* Project object */ = {
			isa = PBXProject;
			attributes = {
				LastSwiftUpdateCheck = 0800;
				LastUpgradeCheck = 0800;
				ORGANIZATIONNAME = a;
				TargetAttributes = {
					9361C32C1DC479C000CC98AC = {
						CreatedOnToolsVersion = 8.0;
						ProvisioningStyle = Automatic;
					};
				};
			};
			buildConfigurationList = 9361C3281DC479C000CC98AC /* Build configuration list for PBXProject "Lean" */;
			compatibilityVersion = "Xcode 3.2";
			developmentRegion = English;
			hasScannedForEncodings = 0;
			knownRegions = (
				en,
				Base,
			);
			mainGroup = 9361C3241DC479C000CC98AC;
			productRefGroup = 9361C32E1DC479C000CC98AC /* Products */;
			projectDirPath = "";
			projectRoot = "";
			targets = (
				9361C32C1DC479C000CC98AC /* Lean */,
			);
		};
/* End PBXProject section */

/* Begin PBXResourcesBuildPhase section */
		9361C32B1DC479C000CC98AC /* Resources */ = {
			isa = PBXResourcesBuildPhase;
			buildActionMask = 2147483647;
			files = (
				9361C33B1DC479C000CC98AC /* LaunchScreen.storyboard in Resources */,
				9361C3381DC479C000CC98AC /* Assets.xcassets in Resources */,
				9361C3361DC479C000CC98AC /* Main.storyboard in Resources */,
			);
			runOnlyForDeploymentPostprocessing = 0;
		};
/* End PBXResourcesBuildPhase section */

/* Begin PBXSourcesBuildPhase section */
		9361C3291DC479C000CC98AC /* Sources */ = {
			isa = PBXSourcesBuildPhase;
			buildActionMask = 2147483647;
			files = (
				9361C3331DC479C000CC98AC /* ViewController.swift in Sources */,
				9361C3311DC479C000CC98AC /* AppDelegate.swift in Sources */,
			);
			runOnlyForDeploymentPostprocessing = 0;
		};
/* End PBXSourcesBuildPhase section */

/* Begin PBXVariantGroup section */
		9361C3341DC479C000CC98AC /* Main.storyboard */ = {
			isa = PBXVariantGroup;
			children = (
				9361C3351DC479C000CC98AC /* Base */,
			);
			name = Main.storyboard;
			sourceTree = "<group>";
		};
		9361C3391DC479C000CC98AC /* LaunchScreen.storyboard */ = {
			isa = PBXVariantGroup;
			children = (
				9361C33A1DC479C000CC98AC /* Base */,
			);
			name = LaunchScreen.storyboard;
			sourceTree = "<group>";
		};
/* End PBXVariantGroup section */

/* Begin XCBuildConfiguration section */
		9361C33D1DC479C000CC98AC /* Debug */ = {
			isa = XCBuildConfiguration;
			buildSettings = {
				ALWAYS_SEARCH_USER_PATHS = NO;
				CLANG_ANALYZER_NONNULL = YES;
				CLANG_CXX_LANGUAGE_STANDARD = "gnu++0x";
				CLANG_CXX_LIBRARY = "libc++";
				CLANG_ENABLE_MODULES = YES;
				CLANG_ENABLE_OBJC_ARC = YES;
				CLANG_WARN_BOOL_CONVERSION = YES;
				CLANG_WARN_CONSTANT_CONVERSION = YES;
				CLANG_WARN_DIRECT_OBJC_ISA_USAGE = YES_ERROR;
				CLANG_WARN_DOCUMENTATION_COMMENTS = YES;
				CLANG_WARN_EMPTY_BODY = YES;
				CLANG_WARN_ENUM_CONVERSION = YES;
				CLANG_WARN_INFINITE_RECURSION = YES;
				CLANG_WARN_INT_CONVERSION = YES;
				CLANG_WARN_OBJC_ROOT_CLASS = YES_ERROR;
				CLANG_WARN_SUSPICIOUS_MOVES = YES;
				CLANG_WARN_UNREACHABLE_CODE = YES;
				CLANG_WARN__DUPLICATE_METHOD_MATCH = YES;
				"CODE_SIGN_IDENTITY[sdk=iphoneos*]" = "iPhone Developer";
				COPY_PHASE_STRIP = NO;
				DEBUG_INFORMATION_FORMAT = dwarf;
				ENABLE_STRICT_OBJC_MSGSEND = YES;
				ENABLE_TESTABILITY = YES;
				GCC_C_LANGUAGE_STANDARD = gnu99;
				GCC_DYNAMIC_NO_PIC = NO;
				GCC_NO_COMMON_BLOCKS = YES;
				GCC_OPTIMIZATION_LEVEL = 0;
				GCC_PREPROCESSOR_DEFINITIONS = (
					"DEBUG=1",
					"$(inherited)",
				);
				GCC_WARN_64_TO_32_BIT_CONVERSION = YES;
				GCC_WARN_ABOUT_RETURN_TYPE = YES_ERROR;
				GCC_WARN_UNDECLARED_SELECTOR = YES;
				GCC_WARN_UNINITIALIZED_AUTOS = YES_AGGRESSIVE;
				GCC_WARN_UNUSED_FUNCTION = YES;
				GCC_WARN_UNUSED_VARIABLE = YES;
				IPHONEOS_DEPLOYMENT_TARGET = 10.0;
				MTL_ENABLE_DEBUG_INFO = YES;
				ONLY_ACTIVE_ARCH = YES;
				SDKROOT = iphoneos;
				SWIFT_ACTIVE_COMPILATION_CONDITIONS = DEBUG;
				SWIFT_OPTIMIZATION_LEVEL = "-Onone";
			};
			name = Debug;
		};
		9361C33E1DC479C000CC98AC /* Release */ = {
			isa = XCBuildConfiguration;
			buildSettings = {
				ALWAYS_SEARCH_USER_PATHS = NO;
				CLANG_ANALYZER_NONNULL = YES;
				CLANG_CXX_LANGUAGE_STANDARD = "gnu++0x";
				CLANG_CXX_LIBRARY = "libc++";
				CLANG_ENABLE_MODULES = YES;
				CLANG_ENABLE_OBJC_ARC = YES;
				CLANG_WARN_BOOL_CONVERSION = YES;
				CLANG_WARN_CONSTANT_CONVERSION = YES;
				CLANG_WARN_DIRECT_OBJC_ISA_USAGE = YES_ERROR;
				CLANG_WARN_DOCUMENTATION_COMMENTS = YES;
				CLANG_WARN_EMPTY_BODY = YES;
				CLANG_WARN_ENUM_CONVERSION = YES;
				CLANG_WARN_INFINITE_RECURSION = YES;
				CLANG_WARN_INT_CONVERSION = YES;
				CLANG_WARN_OBJC_ROOT_CLASS = YES_ERROR;
				CLANG_WARN_SUSPICIOUS_MOVES = YES;
				CLANG_WARN_UNREACHABLE_CODE = YES;
				CLANG_WARN__DUPLICATE_METHOD_MATCH = YES;
				"CODE_SIGN_IDENTITY[sdk=iphoneos*]" = "iPhone Developer";
				COPY_PHASE_STRIP = NO;
				DEBUG_INFORMATION_FORMAT = "dwarf-with-dsym";
				ENABLE_NS_ASSERTIONS = NO;
				ENABLE_STRICT_OBJC_MSGSEND = YES;
				GCC_C_LANGUAGE_STANDARD = gnu99;
				GCC_NO_COMMON_BLOCKS = YES;
				GCC_WARN_64_TO_32_BIT_CONVERSION = YES;
				GCC_WARN_ABOUT_RETURN_TYPE = YES_ERROR;
				GCC_WARN_UNDECLARED_SELECTOR = YES;
				GCC_WARN_UNINITIALIZED_AUTOS = YES_AGGRESSIVE;
				GCC_WARN_UNUSED_FUNCTION = YES;
				GCC_WARN_UNUSED_VARIABLE = YES;
				IPHONEOS_DEPLOYMENT_TARGET = 10.0;
				MTL_ENABLE_DEBUG_INFO = NO;
				SDKROOT = iphoneos;
				SWIFT_OPTIMIZATION_LEVEL = "-Owholemodule";
				VALIDATE_PRODUCT = YES;
			};
			name = Release;
		};
		9361C3401DC479C000CC98AC /* Debug */ = {
			isa = XCBuildConfiguration;
			buildSettings = {
				ASSETCATALOG_COMPILER_APPICON_NAME = AppIcon;
				INFOPLIST_FILE = Lean/Info.plist;
				LD_RUNPATH_SEARCH_PATHS = "$(inherited) @executable_path/Frameworks";
				PRODUCT_BUNDLE_IDENTIFIER = a.Lean;
				PRODUCT_NAME = "$(TARGET_NAME)";
				SWIFT_VERSION = 3.0;
			};
			name = Debug;
		};
		9361C3411DC479C000CC98AC /* Release */ = {
			isa = XCBuildConfiguration;
			buildSettings = {
				ASSETCATALOG_COMPILER_APPICON_NAME = AppIcon;
				INFOPLIST_FILE = Lean/Info.plist;
				LD_RUNPATH_SEARCH_PATHS = "$(inherited) @executable_path/Frameworks";
				PRODUCT_BUNDLE_IDENTIFIER = a.Lean;
				PRODUCT_NAME = "$(TARGET_NAME)";
				SWIFT_VERSION = 3.0;
			};
			name = Release;
		};
/* End XCBuildConfiguration section */

/* Begin XCConfigurationList section */
		9361C3281DC479C000CC98AC /* Build configuration list for PBXProject "Lean" */ = {
			isa = XCConfigurationList;
			buildConfigurations = (
				9361C33D1DC479C000CC98AC /* Debug */,
				9361C33E1DC479C000CC98AC /* Release */,
			);
			defaultConfigurationIsVisible = 0;
			defaultConfigurationName = Release;
		};
		9361C33F1DC479C000CC98AC /* Build configuration list for PBXNativeTarget "Lean" */ = {
			isa = XCConfigurationList;
			buildConfigurations = (
				9361C3401DC479C000CC98AC /* Debug */,
				9361C3411DC479C000CC98AC /* Release */,
			);
			defaultConfigurationIsVisible = 0;
		};
/* End XCConfigurationList section */
	};
	rootObject = 9361C3251DC479C000CC98AC /* Project object */;
}
